
Microsoft Visual Studio Solution File, Format Version 11.00
# Visual Studio 2010
Project("{8BC9CEB8-8B4A-11D0-8D11-00A0C91BC942}") = "WindowsRC4", "ManagedRC4.vcxproj", "{EB382E07-589B-4894-AAFA-754978C99CE3}"
EndProject
Project("{F2A71F9B-5D33-465A-A702-920D77279786}") = "RC4", "RC4.fsproj", "{D84C5DB0-5C6A-47A0-B419-CB5017443300}"
EndProject
Global
	GlobalSection(SolutionConfigurationPlatforms) = preSolution
		Debug|Mixed Platforms = Debug|Mixed Platforms
		Debug|Win32 = Debug|Win32
		Debug|x64 = Debug|x64
		Debug|x86 = Debug|x86
		Release|Mixed Platforms = Release|Mixed Platforms
		Release|Win32 = Release|Win32
		Release|x64 = Release|x64
		Release|x86 = Release|x86
	EndGlobalSection
	GlobalSection(ProjectConfigurationPlatforms) = postSolution
		{EB382E07-589B-4894-AAFA-754978C99CE3}.Debug|Mixed Platforms.ActiveCfg = Debug|Win32
		{EB382E07-589B-4894-AAFA-754978C99CE3}.Debug|Mixed Platforms.Build.0 = Debug|Win32
		{EB382E07-589B-4894-AAFA-754978C99CE3}.Debug|Win32.ActiveCfg = Debug|Win32
		{EB382E07-589B-4894-AAFA-754978C99CE3}.Debug|Win32.Build.0 = Debug|Win32
		{EB382E07-589B-4894-AAFA-754978C99CE3}.Debug|x64.ActiveCfg = Debug|x64
		{EB382E07-589B-4894-AAFA-754978C99CE3}.Debug|x64.Build.0 = Debug|x64
		{EB382E07-589B-4894-AAFA-754978C99CE3}.Debug|x86.ActiveCfg = Debug|x64
		{EB382E07-589B-4894-AAFA-754978C99CE3}.Release|Mixed Platforms.ActiveCfg = Release|x64
		{EB382E07-589B-4894-AAFA-754978C99CE3}.Release|Mixed Platforms.Build.0 = Release|x64
		{EB382E07-589B-4894-AAFA-754978C99CE3}.Release|Win32.ActiveCfg = Release|Win32
		{EB382E07-589B-4894-AAFA-754978C99CE3}.Release|Win32.Build.0 = Release|Win32
		{EB382E07-589B-4894-AAFA-754978C99CE3}.Release|x64.ActiveCfg = Release|x64
		{EB382E07-589B-4894-AAFA-754978C99CE3}.Release|x64.Build.0 = Release|x64
		{EB382E07-589B-4894-AAFA-754978C99CE3}.Release|x86.ActiveCfg = Release|x64
		{D84C5DB0-5C6A-47A0-B419-CB5017443300}.Debug|Mixed Platforms.ActiveCfg = Debug|x86
		{D84C5DB0-5C6A-47A0-B419-CB5017443300}.Debug|Mixed Platforms.Build.0 = Debug|x86
		{D84C5DB0-5C6A-47A0-B419-CB5017443300}.Debug|Win32.ActiveCfg = Debug|x86
		{D84C5DB0-5C6A-47A0-B419-CB5017443300}.Debug|x64.ActiveCfg = Debug|x86
		{D84C5DB0-5C6A-47A0-B419-CB5017443300}.Debug|x86.ActiveCfg = Debug|x86
		{D84C5DB0-5C6A-47A0-B419-CB5017443300}.Debug|x86.Build.0 = Debug|x86
		{D84C5DB0-5C6A-47A0-B419-CB5017443300}.Release|Mixed Platforms.ActiveCfg = Release|x86
		{D84C5DB0-5C6A-47A0-B419-CB5017443300}.Release|Mixed Platforms.Build.0 = Release|x86
		{D84C5DB0-5C6A-47A0-B419-CB5017443300}.Release|Win32.ActiveCfg = Release|x86
		{D84C5DB0-5C6A-47A0-B419-CB5017443300}.Release|x64.ActiveCfg = Release|x86
		{D84C5DB0-5C6A-47A0-B419-CB5017443300}.Release|x86.ActiveCfg = Release|x86
		{D84C5DB0-5C6A-47A0-B419-CB5017443300}.Release|x86.Build.0 = Release|x86
	EndGlobalSection
	GlobalSection(SolutionProperties) = preSolution
		HideSolutionNode = FALSE
	EndGlobalSection
EndGlobal
