
Microsoft Visual Studio Solution File, Format Version 11.00
# Visual Studio 2010
Project("{F2A71F9B-5D33-465A-A702-920D77279786}") = "lib", "lib\lib.fsproj", "{7283C0EF-3C40-495D-9969-79CB71B3AACC}"
EndProject
Project("{F2A71F9B-5D33-465A-A702-920D77279786}") = "app", "app\app.fsproj", "{4DD88E5C-48EB-45C3-A7D5-86CAA94468E1}"
EndProject
Project("{F2A71F9B-5D33-465A-A702-920D77279786}") = "concrete-fs-vs2010", "..\..\lib\concrete-fs\concrete-fs-vs2010.fsproj", "{7D2902C6-8635-4B00-97C5-67C9C44CEA40}"
EndProject
Project("{F2A71F9B-5D33-465A-A702-920D77279786}") = "TLSharp", "TLSharp\TLSharp.fsproj", "{BDBA21EB-CB44-435B-BF9A-C9393AD2A613}"
EndProject
Project("{F2A71F9B-5D33-465A-A702-920D77279786}") = "HttpServer", "HttpServer\HttpServer.fsproj", "{A5EFB536-6469-42DA-BBA7-416A65A02F9C}"
EndProject
Project("{F2A71F9B-5D33-465A-A702-920D77279786}") = "RPC", "RPC\RPC.fsproj", "{AE2E865D-D08E-4309-B18E-DA363408A9F4}"
EndProject
Project("{F2A71F9B-5D33-465A-A702-920D77279786}") = "RPCClient", "RPCClient\RPCClient.fsproj", "{18AB0B30-435F-44F2-B99F-AFB4AB69095D}"
EndProject
Project("{F2A71F9B-5D33-465A-A702-920D77279786}") = "RPCServer", "RPCServer\RPCServer.fsproj", "{62E44A7B-2A54-40BD-8AE2-7EA6BCB878E9}"
EndProject
Project("{F2A71F9B-5D33-465A-A702-920D77279786}") = "app2", "app2\app2.fsproj", "{3FDD26E5-3CE5-467C-B3F4-534CE7E31CB0}"
EndProject
Project("{8BC9CEB8-8B4A-11D0-8D11-00A0C91BC942}") = "WindowsRC4", "lib\RC4\ManagedRC4.vcxproj", "{EB382E07-589B-4894-AAFA-754978C99CE3}"
EndProject
Global
	GlobalSection(SolutionConfigurationPlatforms) = preSolution
		Debug|Any CPU = Debug|Any CPU
		Debug|Mixed Platforms = Debug|Mixed Platforms
		Debug|Win32 = Debug|Win32
		Debug|x64 = Debug|x64
		Debug|x86 = Debug|x86
		Release|Any CPU = Release|Any CPU
		Release|Mixed Platforms = Release|Mixed Platforms
		Release|Win32 = Release|Win32
		Release|x64 = Release|x64
		Release|x86 = Release|x86
	EndGlobalSection
	GlobalSection(ProjectConfigurationPlatforms) = postSolution
		{7283C0EF-3C40-495D-9969-79CB71B3AACC}.Debug|Any CPU.ActiveCfg = Debug|Any CPU
		{7283C0EF-3C40-495D-9969-79CB71B3AACC}.Debug|Any CPU.Build.0 = Debug|Any CPU
		{7283C0EF-3C40-495D-9969-79CB71B3AACC}.Debug|Mixed Platforms.ActiveCfg = Debug|Any CPU
		{7283C0EF-3C40-495D-9969-79CB71B3AACC}.Debug|Mixed Platforms.Build.0 = Debug|Any CPU
		{7283C0EF-3C40-495D-9969-79CB71B3AACC}.Debug|Win32.ActiveCfg = Debug|Any CPU
		{7283C0EF-3C40-495D-9969-79CB71B3AACC}.Debug|x64.ActiveCfg = Debug|Any CPU
		{7283C0EF-3C40-495D-9969-79CB71B3AACC}.Debug|x86.ActiveCfg = Debug|Any CPU
		{7283C0EF-3C40-495D-9969-79CB71B3AACC}.Release|Any CPU.ActiveCfg = Release|Any CPU
		{7283C0EF-3C40-495D-9969-79CB71B3AACC}.Release|Any CPU.Build.0 = Release|Any CPU
		{7283C0EF-3C40-495D-9969-79CB71B3AACC}.Release|Mixed Platforms.ActiveCfg = Release|Any CPU
		{7283C0EF-3C40-495D-9969-79CB71B3AACC}.Release|Mixed Platforms.Build.0 = Release|Any CPU
		{7283C0EF-3C40-495D-9969-79CB71B3AACC}.Release|Win32.ActiveCfg = Release|Any CPU
		{7283C0EF-3C40-495D-9969-79CB71B3AACC}.Release|x64.ActiveCfg = Release|Any CPU
		{7283C0EF-3C40-495D-9969-79CB71B3AACC}.Release|x86.ActiveCfg = Release|Any CPU
		{4DD88E5C-48EB-45C3-A7D5-86CAA94468E1}.Debug|Any CPU.ActiveCfg = Debug|x86
		{4DD88E5C-48EB-45C3-A7D5-86CAA94468E1}.Debug|Mixed Platforms.ActiveCfg = Debug|x86
		{4DD88E5C-48EB-45C3-A7D5-86CAA94468E1}.Debug|Mixed Platforms.Build.0 = Debug|x86
		{4DD88E5C-48EB-45C3-A7D5-86CAA94468E1}.Debug|Win32.ActiveCfg = Debug|x86
		{4DD88E5C-48EB-45C3-A7D5-86CAA94468E1}.Debug|x64.ActiveCfg = Debug|x86
		{4DD88E5C-48EB-45C3-A7D5-86CAA94468E1}.Debug|x86.ActiveCfg = Debug|x86
		{4DD88E5C-48EB-45C3-A7D5-86CAA94468E1}.Debug|x86.Build.0 = Debug|x86
		{4DD88E5C-48EB-45C3-A7D5-86CAA94468E1}.Release|Any CPU.ActiveCfg = Release|x86
		{4DD88E5C-48EB-45C3-A7D5-86CAA94468E1}.Release|Mixed Platforms.ActiveCfg = Release|x86
		{4DD88E5C-48EB-45C3-A7D5-86CAA94468E1}.Release|Mixed Platforms.Build.0 = Release|x86
		{4DD88E5C-48EB-45C3-A7D5-86CAA94468E1}.Release|Win32.ActiveCfg = Release|x86
		{4DD88E5C-48EB-45C3-A7D5-86CAA94468E1}.Release|x64.ActiveCfg = Release|x86
		{4DD88E5C-48EB-45C3-A7D5-86CAA94468E1}.Release|x86.ActiveCfg = Release|x86
		{4DD88E5C-48EB-45C3-A7D5-86CAA94468E1}.Release|x86.Build.0 = Release|x86
		{7D2902C6-8635-4B00-97C5-67C9C44CEA40}.Debug|Any CPU.ActiveCfg = Debug|Any CPU
		{7D2902C6-8635-4B00-97C5-67C9C44CEA40}.Debug|Any CPU.Build.0 = Debug|Any CPU
		{7D2902C6-8635-4B00-97C5-67C9C44CEA40}.Debug|Mixed Platforms.ActiveCfg = Debug|Any CPU
		{7D2902C6-8635-4B00-97C5-67C9C44CEA40}.Debug|Mixed Platforms.Build.0 = Debug|Any CPU
		{7D2902C6-8635-4B00-97C5-67C9C44CEA40}.Debug|Win32.ActiveCfg = Debug|Any CPU
		{7D2902C6-8635-4B00-97C5-67C9C44CEA40}.Debug|x64.ActiveCfg = Debug|Any CPU
		{7D2902C6-8635-4B00-97C5-67C9C44CEA40}.Debug|x86.ActiveCfg = Debug|Any CPU
		{7D2902C6-8635-4B00-97C5-67C9C44CEA40}.Release|Any CPU.ActiveCfg = Release|Any CPU
		{7D2902C6-8635-4B00-97C5-67C9C44CEA40}.Release|Any CPU.Build.0 = Release|Any CPU
		{7D2902C6-8635-4B00-97C5-67C9C44CEA40}.Release|Mixed Platforms.ActiveCfg = Release|Any CPU
		{7D2902C6-8635-4B00-97C5-67C9C44CEA40}.Release|Mixed Platforms.Build.0 = Release|Any CPU
		{7D2902C6-8635-4B00-97C5-67C9C44CEA40}.Release|Win32.ActiveCfg = Release|Any CPU
		{7D2902C6-8635-4B00-97C5-67C9C44CEA40}.Release|x64.ActiveCfg = Release|Any CPU
		{7D2902C6-8635-4B00-97C5-67C9C44CEA40}.Release|x86.ActiveCfg = Release|Any CPU
		{BDBA21EB-CB44-435B-BF9A-C9393AD2A613}.Debug|Any CPU.ActiveCfg = Debug|Any CPU
		{BDBA21EB-CB44-435B-BF9A-C9393AD2A613}.Debug|Any CPU.Build.0 = Debug|Any CPU
		{BDBA21EB-CB44-435B-BF9A-C9393AD2A613}.Debug|Mixed Platforms.ActiveCfg = Debug|Any CPU
		{BDBA21EB-CB44-435B-BF9A-C9393AD2A613}.Debug|Mixed Platforms.Build.0 = Debug|Any CPU
		{BDBA21EB-CB44-435B-BF9A-C9393AD2A613}.Debug|Win32.ActiveCfg = Debug|Any CPU
		{BDBA21EB-CB44-435B-BF9A-C9393AD2A613}.Debug|x64.ActiveCfg = Debug|Any CPU
		{BDBA21EB-CB44-435B-BF9A-C9393AD2A613}.Debug|x86.ActiveCfg = Debug|Any CPU
		{BDBA21EB-CB44-435B-BF9A-C9393AD2A613}.Release|Any CPU.ActiveCfg = Release|Any CPU
		{BDBA21EB-CB44-435B-BF9A-C9393AD2A613}.Release|Any CPU.Build.0 = Release|Any CPU
		{BDBA21EB-CB44-435B-BF9A-C9393AD2A613}.Release|Mixed Platforms.ActiveCfg = Release|Any CPU
		{BDBA21EB-CB44-435B-BF9A-C9393AD2A613}.Release|Mixed Platforms.Build.0 = Release|Any CPU
		{BDBA21EB-CB44-435B-BF9A-C9393AD2A613}.Release|Win32.ActiveCfg = Release|Any CPU
		{BDBA21EB-CB44-435B-BF9A-C9393AD2A613}.Release|x64.ActiveCfg = Release|Any CPU
		{BDBA21EB-CB44-435B-BF9A-C9393AD2A613}.Release|x86.ActiveCfg = Release|Any CPU
		{A5EFB536-6469-42DA-BBA7-416A65A02F9C}.Debug|Any CPU.ActiveCfg = Debug|x86
		{A5EFB536-6469-42DA-BBA7-416A65A02F9C}.Debug|Mixed Platforms.ActiveCfg = Debug|x86
		{A5EFB536-6469-42DA-BBA7-416A65A02F9C}.Debug|Mixed Platforms.Build.0 = Debug|x86
		{A5EFB536-6469-42DA-BBA7-416A65A02F9C}.Debug|Win32.ActiveCfg = Debug|x86
		{A5EFB536-6469-42DA-BBA7-416A65A02F9C}.Debug|x64.ActiveCfg = Debug|x86
		{A5EFB536-6469-42DA-BBA7-416A65A02F9C}.Debug|x86.ActiveCfg = Debug|x86
		{A5EFB536-6469-42DA-BBA7-416A65A02F9C}.Debug|x86.Build.0 = Debug|x86
		{A5EFB536-6469-42DA-BBA7-416A65A02F9C}.Release|Any CPU.ActiveCfg = Release|x86
		{A5EFB536-6469-42DA-BBA7-416A65A02F9C}.Release|Mixed Platforms.ActiveCfg = Release|x86
		{A5EFB536-6469-42DA-BBA7-416A65A02F9C}.Release|Mixed Platforms.Build.0 = Release|x86
		{A5EFB536-6469-42DA-BBA7-416A65A02F9C}.Release|Win32.ActiveCfg = Release|x86
		{A5EFB536-6469-42DA-BBA7-416A65A02F9C}.Release|x64.ActiveCfg = Release|x86
		{A5EFB536-6469-42DA-BBA7-416A65A02F9C}.Release|x86.ActiveCfg = Release|x86
		{A5EFB536-6469-42DA-BBA7-416A65A02F9C}.Release|x86.Build.0 = Release|x86
		{AE2E865D-D08E-4309-B18E-DA363408A9F4}.Debug|Any CPU.ActiveCfg = Debug|x86
		{AE2E865D-D08E-4309-B18E-DA363408A9F4}.Debug|Mixed Platforms.ActiveCfg = Debug|x86
		{AE2E865D-D08E-4309-B18E-DA363408A9F4}.Debug|Mixed Platforms.Build.0 = Debug|x86
		{AE2E865D-D08E-4309-B18E-DA363408A9F4}.Debug|Win32.ActiveCfg = Debug|x86
		{AE2E865D-D08E-4309-B18E-DA363408A9F4}.Debug|x64.ActiveCfg = Debug|x86
		{AE2E865D-D08E-4309-B18E-DA363408A9F4}.Debug|x86.ActiveCfg = Debug|x86
		{AE2E865D-D08E-4309-B18E-DA363408A9F4}.Debug|x86.Build.0 = Debug|x86
		{AE2E865D-D08E-4309-B18E-DA363408A9F4}.Release|Any CPU.ActiveCfg = Release|x86
		{AE2E865D-D08E-4309-B18E-DA363408A9F4}.Release|Mixed Platforms.ActiveCfg = Release|x86
		{AE2E865D-D08E-4309-B18E-DA363408A9F4}.Release|Mixed Platforms.Build.0 = Release|x86
		{AE2E865D-D08E-4309-B18E-DA363408A9F4}.Release|Win32.ActiveCfg = Release|x86
		{AE2E865D-D08E-4309-B18E-DA363408A9F4}.Release|x64.ActiveCfg = Release|x86
		{AE2E865D-D08E-4309-B18E-DA363408A9F4}.Release|x86.ActiveCfg = Release|x86
		{AE2E865D-D08E-4309-B18E-DA363408A9F4}.Release|x86.Build.0 = Release|x86
		{18AB0B30-435F-44F2-B99F-AFB4AB69095D}.Debug|Any CPU.ActiveCfg = Debug|x86
		{18AB0B30-435F-44F2-B99F-AFB4AB69095D}.Debug|Mixed Platforms.ActiveCfg = Debug|x86
		{18AB0B30-435F-44F2-B99F-AFB4AB69095D}.Debug|Mixed Platforms.Build.0 = Debug|x86
		{18AB0B30-435F-44F2-B99F-AFB4AB69095D}.Debug|Win32.ActiveCfg = Debug|x86
		{18AB0B30-435F-44F2-B99F-AFB4AB69095D}.Debug|x64.ActiveCfg = Debug|x86
		{18AB0B30-435F-44F2-B99F-AFB4AB69095D}.Debug|x86.ActiveCfg = Debug|x86
		{18AB0B30-435F-44F2-B99F-AFB4AB69095D}.Debug|x86.Build.0 = Debug|x86
		{18AB0B30-435F-44F2-B99F-AFB4AB69095D}.Release|Any CPU.ActiveCfg = Release|x86
		{18AB0B30-435F-44F2-B99F-AFB4AB69095D}.Release|Mixed Platforms.ActiveCfg = Release|x86
		{18AB0B30-435F-44F2-B99F-AFB4AB69095D}.Release|Mixed Platforms.Build.0 = Release|x86
		{18AB0B30-435F-44F2-B99F-AFB4AB69095D}.Release|Win32.ActiveCfg = Release|x86
		{18AB0B30-435F-44F2-B99F-AFB4AB69095D}.Release|x64.ActiveCfg = Release|x86
		{18AB0B30-435F-44F2-B99F-AFB4AB69095D}.Release|x86.ActiveCfg = Release|x86
		{18AB0B30-435F-44F2-B99F-AFB4AB69095D}.Release|x86.Build.0 = Release|x86
		{62E44A7B-2A54-40BD-8AE2-7EA6BCB878E9}.Debug|Any CPU.ActiveCfg = Debug|x86
		{62E44A7B-2A54-40BD-8AE2-7EA6BCB878E9}.Debug|Mixed Platforms.ActiveCfg = Debug|x86
		{62E44A7B-2A54-40BD-8AE2-7EA6BCB878E9}.Debug|Mixed Platforms.Build.0 = Debug|x86
		{62E44A7B-2A54-40BD-8AE2-7EA6BCB878E9}.Debug|Win32.ActiveCfg = Debug|x86
		{62E44A7B-2A54-40BD-8AE2-7EA6BCB878E9}.Debug|x64.ActiveCfg = Debug|x86
		{62E44A7B-2A54-40BD-8AE2-7EA6BCB878E9}.Debug|x86.ActiveCfg = Debug|x86
		{62E44A7B-2A54-40BD-8AE2-7EA6BCB878E9}.Debug|x86.Build.0 = Debug|x86
		{62E44A7B-2A54-40BD-8AE2-7EA6BCB878E9}.Release|Any CPU.ActiveCfg = Release|x86
		{62E44A7B-2A54-40BD-8AE2-7EA6BCB878E9}.Release|Mixed Platforms.ActiveCfg = Release|x86
		{62E44A7B-2A54-40BD-8AE2-7EA6BCB878E9}.Release|Mixed Platforms.Build.0 = Release|x86
		{62E44A7B-2A54-40BD-8AE2-7EA6BCB878E9}.Release|Win32.ActiveCfg = Release|x86
		{62E44A7B-2A54-40BD-8AE2-7EA6BCB878E9}.Release|x64.ActiveCfg = Release|x86
		{62E44A7B-2A54-40BD-8AE2-7EA6BCB878E9}.Release|x86.ActiveCfg = Release|x86
		{62E44A7B-2A54-40BD-8AE2-7EA6BCB878E9}.Release|x86.Build.0 = Release|x86
		{3FDD26E5-3CE5-467C-B3F4-534CE7E31CB0}.Debug|Any CPU.ActiveCfg = Debug|x86
		{3FDD26E5-3CE5-467C-B3F4-534CE7E31CB0}.Debug|Mixed Platforms.ActiveCfg = Debug|x86
		{3FDD26E5-3CE5-467C-B3F4-534CE7E31CB0}.Debug|Mixed Platforms.Build.0 = Debug|x86
		{3FDD26E5-3CE5-467C-B3F4-534CE7E31CB0}.Debug|Win32.ActiveCfg = Debug|x86
		{3FDD26E5-3CE5-467C-B3F4-534CE7E31CB0}.Debug|x64.ActiveCfg = Debug|x86
		{3FDD26E5-3CE5-467C-B3F4-534CE7E31CB0}.Debug|x86.ActiveCfg = Debug|x86
		{3FDD26E5-3CE5-467C-B3F4-534CE7E31CB0}.Debug|x86.Build.0 = Debug|x86
		{3FDD26E5-3CE5-467C-B3F4-534CE7E31CB0}.Release|Any CPU.ActiveCfg = Release|x86
		{3FDD26E5-3CE5-467C-B3F4-534CE7E31CB0}.Release|Mixed Platforms.ActiveCfg = Release|x86
		{3FDD26E5-3CE5-467C-B3F4-534CE7E31CB0}.Release|Mixed Platforms.Build.0 = Release|x86
		{3FDD26E5-3CE5-467C-B3F4-534CE7E31CB0}.Release|Win32.ActiveCfg = Release|x86
		{3FDD26E5-3CE5-467C-B3F4-534CE7E31CB0}.Release|x64.ActiveCfg = Release|x86
		{3FDD26E5-3CE5-467C-B3F4-534CE7E31CB0}.Release|x86.ActiveCfg = Release|x86
		{3FDD26E5-3CE5-467C-B3F4-534CE7E31CB0}.Release|x86.Build.0 = Release|x86
		{EB382E07-589B-4894-AAFA-754978C99CE3}.Debug|Any CPU.ActiveCfg = Debug|x64
		{EB382E07-589B-4894-AAFA-754978C99CE3}.Debug|Mixed Platforms.ActiveCfg = Debug|Win32
		{EB382E07-589B-4894-AAFA-754978C99CE3}.Debug|Mixed Platforms.Build.0 = Debug|Win32
		{EB382E07-589B-4894-AAFA-754978C99CE3}.Debug|Win32.ActiveCfg = Debug|Win32
		{EB382E07-589B-4894-AAFA-754978C99CE3}.Debug|Win32.Build.0 = Debug|Win32
		{EB382E07-589B-4894-AAFA-754978C99CE3}.Debug|x64.ActiveCfg = Debug|x64
		{EB382E07-589B-4894-AAFA-754978C99CE3}.Debug|x64.Build.0 = Debug|x64
		{EB382E07-589B-4894-AAFA-754978C99CE3}.Debug|x86.ActiveCfg = Debug|x64
		{EB382E07-589B-4894-AAFA-754978C99CE3}.Release|Any CPU.ActiveCfg = Release|x64
		{EB382E07-589B-4894-AAFA-754978C99CE3}.Release|Mixed Platforms.ActiveCfg = Release|x64
		{EB382E07-589B-4894-AAFA-754978C99CE3}.Release|Mixed Platforms.Build.0 = Release|x64
		{EB382E07-589B-4894-AAFA-754978C99CE3}.Release|Win32.ActiveCfg = Release|Win32
		{EB382E07-589B-4894-AAFA-754978C99CE3}.Release|Win32.Build.0 = Release|Win32
		{EB382E07-589B-4894-AAFA-754978C99CE3}.Release|x64.ActiveCfg = Release|x64
		{EB382E07-589B-4894-AAFA-754978C99CE3}.Release|x64.Build.0 = Release|x64
		{EB382E07-589B-4894-AAFA-754978C99CE3}.Release|x86.ActiveCfg = Release|x64
	EndGlobalSection
	GlobalSection(SolutionProperties) = preSolution
		HideSolutionNode = FALSE
	EndGlobalSection
EndGlobal
